
Microsoft Visual Studio Solution File, Format Version 10.00
# Visual Studio 2008
Project("{FAE04EC0-301F-11D3-BF4B-00C04F79EFBC}") = "WCFClient", "WCFClient\WCFClient.csproj", "{DCA6F3C9-BE8D-4984-A839-450B22211DFE}"
EndProject
Global
	GlobalSection(SolutionConfigurationPlatforms) = preSolution
		Debug|Any CPU = Debug|Any CPU
		Release|Any CPU = Release|Any CPU
	EndGlobalSection
	GlobalSection(ProjectConfigurationPlatforms) = postSolution
		{DCA6F3C9-BE8D-4984-A839-450B22211DFE}.Debug|Any CPU.ActiveCfg = Debug|Any CPU
		{DCA6F3C9-BE8D-4984-A839-450B22211DFE}.Debug|Any CPU.Build.0 = Debug|Any CPU
		{DCA6F3C9-BE8D-4984-A839-450B22211DFE}.Release|Any CPU.ActiveCfg = Release|Any CPU
		{DCA6F3C9-BE8D-4984-A839-450B22211DFE}.Release|Any CPU.Build.0 = Release|Any CPU
	EndGlobalSection
	GlobalSection(SolutionProperties) = preSolution
		HideSolutionNode = FALSE
	EndGlobalSection
EndGlobal
